
Microsoft Visual Studio Solution File, Format Version 12.00
# Visual Studio Version 16
VisualStudioVersion = 16.0.30114.105
MinimumVisualStudioVersion = 10.0.40219.1
Project("{9A19103F-16F7-4668-BE54-9A1E7A4F7556}") = "LIS.Test", "LIS.Test\LIS.Test.csproj", "{03806B53-5C10-481C-863B-1D3080A87DB5}"
EndProject
Project("{FAE04EC0-301F-11D3-BF4B-00C04F79EFBC}") = "LIS", "LIS\LIS.csproj", "{B87E3959-573E-4BBF-ADDB-022A5DDCA373}"
EndProject
Global
	GlobalSection(SolutionConfigurationPlatforms) = preSolution
		Debug|Any CPU = Debug|Any CPU
		Release|Any CPU = Release|Any CPU
	EndGlobalSection
	GlobalSection(ProjectConfigurationPlatforms) = postSolution
		{03806B53-5C10-481C-863B-1D3080A87DB5}.Debug|Any CPU.ActiveCfg = Debug|Any CPU
		{03806B53-5C10-481C-863B-1D3080A87DB5}.Debug|Any CPU.Build.0 = Debug|Any CPU
		{03806B53-5C10-481C-863B-1D3080A87DB5}.Release|Any CPU.ActiveCfg = Release|Any CPU
		{03806B53-5C10-481C-863B-1D3080A87DB5}.Release|Any CPU.Build.0 = Release|Any CPU
		{B87E3959-573E-4BBF-ADDB-022A5DDCA373}.Debug|Any CPU.ActiveCfg = Debug|Any CPU
		{B87E3959-573E-4BBF-ADDB-022A5DDCA373}.Debug|Any CPU.Build.0 = Debug|Any CPU
		{B87E3959-573E-4BBF-ADDB-022A5DDCA373}.Release|Any CPU.ActiveCfg = Release|Any CPU
		{B87E3959-573E-4BBF-ADDB-022A5DDCA373}.Release|Any CPU.Build.0 = Release|Any CPU
	EndGlobalSection
	GlobalSection(SolutionProperties) = preSolution
		HideSolutionNode = FALSE
	EndGlobalSection
	GlobalSection(ExtensibilityGlobals) = postSolution
		SolutionGuid = {FDCA17A0-0D79-4E86-8F6F-ACC3710741F1}
	EndGlobalSection
EndGlobal
